// !$*UTF8*$!
{
	archiveVersion = 1;
	classes = {
	};
	objectVersion = 50;
	objects = {

/* Begin PBXBuildFile section */
		A8982C8C24F7B5C700DB8398 /* SecondViewController.swift in Sources */ = {isa = PBXBuildFile; fileRef = A8982C8B24F7B5C700DB8398 /* SecondViewController.swift */; };
		A8982C8E24F7FBB100DB8398 /* doraemon.jpg in Resources */ = {isa = PBXBuildFile; fileRef = A8982C8D24F7FBB000DB8398 /* doraemon.jpg */; };
		A8982C9024F7FBB900DB8398 /* nobita.jpg in Resources */ = {isa = PBXBuildFile; fileRef = A8982C8F24F7FBB900DB8398 /* nobita.jpg */; };
		A8982C9224F7FBC000DB8398 /* shizuka.jpg in Resources */ = {isa = PBXBuildFile; fileRef = A8982C9124F7FBC000DB8398 /* shizuka.jpg */; };
		A8EC7E4D24F3DB94009B9C3D /* AppDelegate.swift in Sources */ = {isa = PBXBuildFile; fileRef = A8EC7E4C24F3DB94009B9C3D /* AppDelegate.swift */; };
		A8EC7E4F24F3DB94009B9C3D /* SceneDelegate.swift in Sources */ = {isa = PBXBuildFile; fileRef = A8EC7E4E24F3DB94009B9C3D /* SceneDelegate.swift */; };
		A8EC7E5124F3DB94009B9C3D /* ViewController.swift in Sources */ = {isa = PBXBuildFile; fileRef = A8EC7E5024F3DB94009B9C3D /* ViewController.swift */; };
		A8EC7E5424F3DB94009B9C3D /* Main.storyboard in Resources */ = {isa = PBXBuildFile; fileRef = A8EC7E5224F3DB94009B9C3D /* Main.storyboard */; };
		A8EC7E5624F3DBA4009B9C3D /* Assets.xcassets in Resources */ = {isa = PBXBuildFile; fileRef = A8EC7E5524F3DBA4009B9C3D /* Assets.xcassets */; };
		A8EC7E5924F3DBA4009B9C3D /* LaunchScreen.storyboard in Resources */ = {isa = PBXBuildFile; fileRef = A8EC7E5724F3DBA4009B9C3D /* LaunchScreen.storyboard */; };
/* End PBXBuildFile section */

/* Begin PBXFileReference section */
		A8982C8B24F7B5C700DB8398 /* SecondViewController.swift */ = {isa = PBXFileReference; lastKnownFileType = sourcecode.swift; path = SecondViewController.swift; sourceTree = "<group>"; };
		A8982C8D24F7FBB000DB8398 /* doraemon.jpg */ = {isa = PBXFileReference; lastKnownFileType = image.jpeg; path = doraemon.jpg; sourceTree = "<group>"; };
		A8982C8F24F7FBB900DB8398 /* nobita.jpg */ = {isa = PBXFileReference; lastKnownFileType = image.jpeg; path = nobita.jpg; sourceTree = "<group>"; };
		A8982C9124F7FBC000DB8398 /* shizuka.jpg */ = {isa = PBXFileReference; lastKnownFileType = image.jpeg; path = shizuka.jpg; sourceTree = "<group>"; };
		A8EC7E4924F3DB93009B9C3D /* SlideshowApp.app */ = {isa = PBXFileReference; explicitFileType = wrapper.application; includeInIndex = 0; path = SlideshowApp.app; sourceTree = BUILT_PRODUCTS_DIR; };
		A8EC7E4C24F3DB94009B9C3D /* AppDelegate.swift */ = {isa = PBXFileReference; lastKnownFileType = sourcecode.swift; path = AppDelegate.swift; sourceTree = "<group>"; };
		A8EC7E4E24F3DB94009B9C3D /* SceneDelegate.swift */ = {isa = PBXFileReference; lastKnownFileType = sourcecode.swift; path = SceneDelegate.swift; sourceTree = "<group>"; };
		A8EC7E5024F3DB94009B9C3D /* ViewController.swift */ = {isa = PBXFileReference; lastKnownFileType = sourcecode.swift; path = ViewController.swift; sourceTree = "<group>"; };
		A8EC7E5324F3DB94009B9C3D /* Base */ = {isa = PBXFileReference; lastKnownFileType = file.storyboard; name = Base; path = Base.lproj/Main.storyboard; sourceTree = "<group>"; };
		A8EC7E5524F3DBA4009B9C3D /* Assets.xcassets */ = {isa = PBXFileReference; lastKnownFileType = folder.assetcatalog; path = Assets.xcassets; sourceTree = "<group>"; };
		A8EC7E5824F3DBA4009B9C3D /* Base */ = {isa = PBXFileReference; lastKnownFileType = file.storyboard; name = Base; path = Base.lproj/LaunchScreen.storyboard; sourceTree = "<group>"; };
		A8EC7E5A24F3DBA4009B9C3D /* Info.plist */ = {isa = PBXFileReference; lastKnownFileType = text.plist.xml; path = Info.plist; sourceTree = "<group>"; };
/* End PBXFileReference section */

/* Begin PBXFrameworksBuildPhase section */
		A8EC7E4624F3DB93009B9C3D /* Frameworks */ = {
			isa = PBXFrameworksBuildPhase;
			buildActionMask = 2147483647;
			files = (
			);
			runOnlyForDeploymentPostprocessing = 0;
		};
/* End PBXFrameworksBuildPhase section */

/* Begin PBXGroup section */
		A8EC7E4024F3DB93009B9C3D = {
			isa = PBXGroup;
			children = (
				A8EC7E4B24F3DB93009B9C3D /* SlideshowApp */,
				A8EC7E4A24F3DB93009B9C3D /* Products */,
			);
			sourceTree = "<group>";
		};
		A8EC7E4A24F3DB93009B9C3D /* Products */ = {
			isa = PBXGroup;
			children = (
				A8EC7E4924F3DB93009B9C3D /* SlideshowApp.app */,
			);
			name = Products;
			sourceTree = "<group>";
		};
		A8EC7E4B24F3DB93009B9C3D /* SlideshowApp */ = {
			isa = PBXGroup;
			children = (
				A8EC7E4C24F3DB94009B9C3D /* AppDelegate.swift */,
				A8EC7E4E24F3DB94009B9C3D /* SceneDelegate.swift */,
				A8EC7E5024F3DB94009B9C3D /* ViewController.swift */,
				A8982C8B24F7B5C700DB8398 /* SecondViewController.swift */,
				A8EC7E5224F3DB94009B9C3D /* Main.storyboard */,
				A8EC7E5524F3DBA4009B9C3D /* Assets.xcassets */,
				A8EC7E5724F3DBA4009B9C3D /* LaunchScreen.storyboard */,
				A8EC7E5A24F3DBA4009B9C3D /* Info.plist */,
				A8982C8D24F7FBB000DB8398 /* doraemon.jpg */,
				A8982C8F24F7FBB900DB8398 /* nobita.jpg */,
				A8982C9124F7FBC000DB8398 /* shizuka.jpg */,
			);
			path = SlideshowApp;
			sourceTree = "<group>";
		};
/* End PBXGroup section */

/* Begin PBXNativeTarget section */
		A8EC7E4824F3DB93009B9C3D /* SlideshowApp */ = {
			isa = PBXNativeTarget;
			buildConfigurationList = A8EC7E5D24F3DBA4009B9C3D /* Build configuration list for PBXNativeTarget "SlideshowApp" */;
			buildPhases = (
				A8EC7E4524F3DB93009B9C3D /* Sources */,
				A8EC7E4624F3DB93009B9C3D /* Frameworks */,
				A8EC7E4724F3DB93009B9C3D /* Resources */,
			);
			buildRules = (
			);
			dependencies = (
			);
			name = SlideshowApp;
			productName = SlideshowApp;
			productReference = A8EC7E4924F3DB93009B9C3D /* SlideshowApp.app */;
			productType = "com.apple.product-type.application";
		};
/* End PBXNativeTarget section */

/* Begin PBXProject section */
		A8EC7E4124F3DB93009B9C3D /* Project object */ = {
			isa = PBXProject;
			attributes = {
				LastSwiftUpdateCheck = 1110;
				LastUpgradeCheck = 1110;
				ORGANIZATIONNAME = tomoki.tsukada;
				TargetAttributes = {
					A8EC7E4824F3DB93009B9C3D = {
						CreatedOnToolsVersion = 11.1;
					};
				};
			};
			buildConfigurationList = A8EC7E4424F3DB93009B9C3D /* Build configuration list for PBXProject "SlideshowApp" */;
			compatibilityVersion = "Xcode 9.3";
			developmentRegion = en;
			hasScannedForEncodings = 0;
			knownRegions = (
				en,
				Base,
			);
			mainGroup = A8EC7E4024F3DB93009B9C3D;
			productRefGroup = A8EC7E4A24F3DB93009B9C3D /* Products */;
			projectDirPath = "";
			projectRoot = "";
			targets = (
				A8EC7E4824F3DB93009B9C3D /* SlideshowApp */,
			);
		};
/* End PBXProject section */

/* Begin PBXResourcesBuildPhase section */
		A8EC7E4724F3DB93009B9C3D /* Resources */ = {
			isa = PBXResourcesBuildPhase;
			buildActionMask = 2147483647;
			files = (
				A8982C8E24F7FBB100DB8398 /* doraemon.jpg in Resources */,
				A8EC7E5924F3DBA4009B9C3D /* LaunchScreen.storyboard in Resources */,
				A8982C9024F7FBB900DB8398 /* nobita.jpg in Resources */,
				A8EC7E5624F3DBA4009B9C3D /* Assets.xcassets in Resources */,
				A8EC7E5424F3DB94009B9C3D /* Main.storyboard in Resources */,
				A8982C9224F7FBC000DB8398 /* shizuka.jpg in Resources */,
			);
			runOnlyForDeploymentPostprocessing = 0;
		};
/* End PBXResourcesBuildPhase section */

/* Begin PBXSourcesBuildPhase section */
		A8EC7E4524F3DB93009B9C3D /* Sources */ = {
			isa = PBXSourcesBuildPhase;
			buildActionMask = 2147483647;
			files = (
				A8982C8C24F7B5C700DB8398 /* SecondViewController.swift in Sources */,
				A8EC7E5124F3DB94009B9C3D /* ViewController.swift in Sources */,
				A8EC7E4D24F3DB94009B9C3D /* AppDelegate.swift in Sources */,
				A8EC7E4F24F3DB94009B9C3D /* SceneDelegate.swift in Sources */,
			);
			runOnlyForDeploymentPostprocessing = 0;
		};
/* End PBXSourcesBuildPhase section */

/* Begin PBXVariantGroup section */
		A8EC7E5224F3DB94009B9C3D /* Main.storyboard */ = {
			isa = PBXVariantGroup;
			children = (
				A8EC7E5324F3DB94009B9C3D /* Base */,
			);
			name = Main.storyboard;
			sourceTree = "<group>";
		};
		A8EC7E5724F3DBA4009B9C3D /* LaunchScreen.storyboard */ = {
			isa = PBXVariantGroup;
			children = (
				A8EC7E5824F3DBA4009B9C3D /* Base */,
			);
			name = LaunchScreen.storyboard;
			sourceTree = "<group>";
		};
/* End PBXVariantGroup section */

/* Begin XCBuildConfiguration section */
		A8EC7E5B24F3DBA4009B9C3D /* Debug */ = {
			isa = XCBuildConfiguration;
			buildSettings = {
				ALWAYS_SEARCH_USER_PATHS = NO;
				CLANG_ANALYZER_NONNULL = YES;
				CLANG_ANALYZER_NUMBER_OBJECT_CONVERSION = YES_AGGRESSIVE;
				CLANG_CXX_LANGUAGE_STANDARD = "gnu++14";
				CLANG_CXX_LIBRARY = "libc++";
				CLANG_ENABLE_MODULES = YES;
				CLANG_ENABLE_OBJC_ARC = YES;
				CLANG_ENABLE_OBJC_WEAK = YES;
				CLANG_WARN_BLOCK_CAPTURE_AUTORELEASING = YES;
				CLANG_WARN_BOOL_CONVERSION = YES;
				CLANG_WARN_COMMA = YES;
				CLANG_WARN_CONSTANT_CONVERSION = YES;
				CLANG_WARN_DEPRECATED_OBJC_IMPLEMENTATIONS = YES;
				CLANG_WARN_DIRECT_OBJC_ISA_USAGE = YES_ERROR;
				CLANG_WARN_DOCUMENTATION_COMMENTS = YES;
				CLANG_WARN_EMPTY_BODY = YES;
				CLANG_WARN_ENUM_CONVERSION = YES;
				CLANG_WARN_INFINITE_RECURSION = YES;
				CLANG_WARN_INT_CONVERSION = YES;
				CLANG_WARN_NON_LITERAL_NULL_CONVERSION = YES;
				CLANG_WARN_OBJC_IMPLICIT_RETAIN_SELF = YES;
				CLANG_WARN_OBJC_LITERAL_CONVERSION = YES;
				CLANG_WARN_OBJC_ROOT_CLASS = YES_ERROR;
				CLANG_WARN_RANGE_LOOP_ANALYSIS = YES;
				CLANG_WARN_STRICT_PROTOTYPES = YES;
				CLANG_WARN_SUSPICIOUS_MOVE = YES;
				CLANG_WARN_UNGUARDED_AVAILABILITY = YES_AGGRESSIVE;
				CLANG_WARN_UNREACHABLE_CODE = YES;
				CLANG_WARN__DUPLICATE_METHOD_MATCH = YES;
				COPY_PHASE_STRIP = NO;
				DEBUG_INFORMATION_FORMAT = dwarf;
				ENABLE_STRICT_OBJC_MSGSEND = YES;
				ENABLE_TESTABILITY = YES;
				GCC_C_LANGUAGE_STANDARD = gnu11;
				GCC_DYNAMIC_NO_PIC = NO;
				GCC_NO_COMMON_BLOCKS = YES;
				GCC_OPTIMIZATION_LEVEL = 0;
				GCC_PREPROCESSOR_DEFINITIONS = (
					"DEBUG=1",
					"$(inherited)",
				);
				GCC_WARN_64_TO_32_BIT_CONVERSION = YES;
				GCC_WARN_ABOUT_RETURN_TYPE = YES_ERROR;
				GCC_WARN_UNDECLARED_SELECTOR = YES;
				GCC_WARN_UNINITIALIZED_AUTOS = YES_AGGRESSIVE;
				GCC_WARN_UNUSED_FUNCTION = YES;
				GCC_WARN_UNUSED_VARIABLE = YES;
				IPHONEOS_DEPLOYMENT_TARGET = 13.1;
				MTL_ENABLE_DEBUG_INFO = INCLUDE_SOURCE;
				MTL_FAST_MATH = YES;
				ONLY_ACTIVE_ARCH = YES;
				SDKROOT = iphoneos;
				SWIFT_ACTIVE_COMPILATION_CONDITIONS = DEBUG;
				SWIFT_OPTIMIZATION_LEVEL = "-Onone";
			};
			name = Debug;
		};
		A8EC7E5C24F3DBA4009B9C3D /* Release */ = {
			isa = XCBuildConfiguration;
			buildSettings = {
				ALWAYS_SEARCH_USER_PATHS = NO;
				CLANG_ANALYZER_NONNULL = YES;
				CLANG_ANALYZER_NUMBER_OBJECT_CONVERSION = YES_AGGRESSIVE;
				CLANG_CXX_LANGUAGE_STANDARD = "gnu++14";
				CLANG_CXX_LIBRARY = "libc++";
				CLANG_ENABLE_MODULES = YES;
				CLANG_ENABLE_OBJC_ARC = YES;
				CLANG_ENABLE_OBJC_WEAK = YES;
				CLANG_WARN_BLOCK_CAPTURE_AUTORELEASING = YES;
				CLANG_WARN_BOOL_CONVERSION = YES;
				CLANG_WARN_COMMA = YES;
				CLANG_WARN_CONSTANT_CONVERSION = YES;
				CLANG_WARN_DEPRECATED_OBJC_IMPLEMENTATIONS = YES;
				CLANG_WARN_DIRECT_OBJC_ISA_USAGE = YES_ERROR;
				CLANG_WARN_DOCUMENTATION_COMMENTS = YES;
				CLANG_WARN_EMPTY_BODY = YES;
				CLANG_WARN_ENUM_CONVERSION = YES;
				CLANG_WARN_INFINITE_RECURSION = YES;
				CLANG_WARN_INT_CONVERSION = YES;
				CLANG_WARN_NON_LITERAL_NULL_CONVERSION = YES;
				CLANG_WARN_OBJC_IMPLICIT_RETAIN_SELF = YES;
				CLANG_WARN_OBJC_LITERAL_CONVERSION = YES;
				CLANG_WARN_OBJC_ROOT_CLASS = YES_ERROR;
				CLANG_WARN_RANGE_LOOP_ANALYSIS = YES;
				CLANG_WARN_STRICT_PROTOTYPES = YES;
				CLANG_WARN_SUSPICIOUS_MOVE = YES;
				CLANG_WARN_UNGUARDED_AVAILABILITY = YES_AGGRESSIVE;
				CLANG_WARN_UNREACHABLE_CODE = YES;
				CLANG_WARN__DUPLICATE_METHOD_MATCH = YES;
				COPY_PHASE_STRIP = NO;
				DEBUG_INFORMATION_FORMAT = "dwarf-with-dsym";
				ENABLE_NS_ASSERTIONS = NO;
				ENABLE_STRICT_OBJC_MSGSEND = YES;
				GCC_C_LANGUAGE_STANDARD = gnu11;
				GCC_NO_COMMON_BLOCKS = YES;
				GCC_WARN_64_TO_32_BIT_CONVERSION = YES;
				GCC_WARN_ABOUT_RETURN_TYPE = YES_ERROR;
				GCC_WARN_UNDECLARED_SELECTOR = YES;
				GCC_WARN_UNINITIALIZED_AUTOS = YES_AGGRESSIVE;
				GCC_WARN_UNUSED_FUNCTION = YES;
				GCC_WARN_UNUSED_VARIABLE = YES;
				IPHONEOS_DEPLOYMENT_TARGET = 13.1;
				MTL_ENABLE_DEBUG_INFO = NO;
				MTL_FAST_MATH = YES;
				SDKROOT = iphoneos;
				SWIFT_COMPILATION_MODE = wholemodule;
				SWIFT_OPTIMIZATION_LEVEL = "-O";
				VALIDATE_PRODUCT = YES;
			};
			name = Release;
		};
		A8EC7E5E24F3DBA4009B9C3D /* Debug */ = {
			isa = XCBuildConfiguration;
			buildSettings = {
				ASSETCATALOG_COMPILER_APPICON_NAME = AppIcon;
				CODE_SIGN_STYLE = Automatic;
				DEVELOPMENT_TEAM = C32G6366VC;
				INFOPLIST_FILE = SlideshowApp/Info.plist;
				LD_RUNPATH_SEARCH_PATHS = (
					"$(inherited)",
					"@executable_path/Frameworks",
				);
				PRODUCT_BUNDLE_IDENTIFIER = jp.techacademy.tomoki.tsukada.SlideshowApp;
				PRODUCT_NAME = "$(TARGET_NAME)";
				SWIFT_VERSION = 5.0;
				TARGETED_DEVICE_FAMILY = "1,2";
			};
			name = Debug;
		};
		A8EC7E5F24F3DBA4009B9C3D /* Release */ = {
			isa = XCBuildConfiguration;
			buildSettings = {
				ASSETCATALOG_COMPILER_APPICON_NAME = AppIcon;
				CODE_SIGN_STYLE = Automatic;
				DEVELOPMENT_TEAM = C32G6366VC;
				INFOPLIST_FILE = SlideshowApp/Info.plist;
				LD_RUNPATH_SEARCH_PATHS = (
					"$(inherited)",
					"@executable_path/Frameworks",
				);
				PRODUCT_BUNDLE_IDENTIFIER = jp.techacademy.tomoki.tsukada.SlideshowApp;
				PRODUCT_NAME = "$(TARGET_NAME)";
				SWIFT_VERSION = 5.0;
				TARGETED_DEVICE_FAMILY = "1,2";
			};
			name = Release;
		};
/* End XCBuildConfiguration section */

/* Begin XCConfigurationList section */
		A8EC7E4424F3DB93009B9C3D /* Build configuration list for PBXProject "SlideshowApp" */ = {
			isa = XCConfigurationList;
			buildConfigurations = (
				A8EC7E5B24F3DBA4009B9C3D /* Debug */,
				A8EC7E5C24F3DBA4009B9C3D /* Release */,
			);
			defaultConfigurationIsVisible = 0;
			defaultConfigurationName = Release;
		};
		A8EC7E5D24F3DBA4009B9C3D /* Build configuration list for PBXNativeTarget "SlideshowApp" */ = {
			isa = XCConfigurationList;
			buildConfigurations = (
				A8EC7E5E24F3DBA4009B9C3D /* Debug */,
				A8EC7E5F24F3DBA4009B9C3D /* Release */,
			);
			defaultConfigurationIsVisible = 0;
			defaultConfigurationName = Release;
		};
/* End XCConfigurationList section */
	};
	rootObject = A8EC7E4124F3DB93009B9C3D /* Project object */;
}
